
Microsoft Visual Studio Solution File, Format Version 12.00
# Visual Studio 15
Project("{FAE04EC0-301F-11D3-BF4B-00C04F79EFBC}") = "Assembly-CSharp", "Assembly-CSharp.csproj", "{ABCECC2B-7F64-2AF2-317B-17D6C681DF0B}"
EndProject
Project("{FAE04EC0-301F-11D3-BF4B-00C04F79EFBC}") = "Assembly-CSharp-firstpass", "Assembly-CSharp-firstpass.csproj", "{13971E08-C851-7602-0353-AF7EC1A81AF8}"
EndProject
Global
	GlobalSection(SolutionConfigurationPlatforms) = preSolution
		Debug|Any CPU = Debug|Any CPU
		Release|Any CPU = Release|Any CPU
	EndGlobalSection
	GlobalSection(ProjectConfigurationPlatforms) = postSolution
		{ABCECC2B-7F64-2AF2-317B-17D6C681DF0B}.Debug|Any CPU.ActiveCfg = Debug|Any CPU
		{ABCECC2B-7F64-2AF2-317B-17D6C681DF0B}.Debug|Any CPU.Build.0 = Debug|Any CPU
		{ABCECC2B-7F64-2AF2-317B-17D6C681DF0B}.Release|Any CPU.ActiveCfg = Release|Any CPU
		{ABCECC2B-7F64-2AF2-317B-17D6C681DF0B}.Release|Any CPU.Build.0 = Release|Any CPU
		{13971E08-C851-7602-0353-AF7EC1A81AF8}.Debug|Any CPU.ActiveCfg = Debug|Any CPU
		{13971E08-C851-7602-0353-AF7EC1A81AF8}.Debug|Any CPU.Build.0 = Debug|Any CPU
		{13971E08-C851-7602-0353-AF7EC1A81AF8}.Release|Any CPU.ActiveCfg = Release|Any CPU
		{13971E08-C851-7602-0353-AF7EC1A81AF8}.Release|Any CPU.Build.0 = Release|Any CPU
	EndGlobalSection
	GlobalSection(SolutionProperties) = preSolution
		HideSolutionNode = FALSE
	EndGlobalSection
EndGlobal
