
Microsoft Visual Studio Solution File, Format Version 12.00
# Visual Studio 15
Project("{FAE04EC0-301F-11D3-BF4B-00C04F79EFBC}") = "Assembly-CSharp", "Assembly-CSharp.csproj", "{332EDF2C-E7AD-0B1B-6DAB-BCB41544E401}"
EndProject
Project("{FAE04EC0-301F-11D3-BF4B-00C04F79EFBC}") = "Assembly-CSharp-firstpass", "Assembly-CSharp-firstpass.csproj", "{5CFA0DED-2626-CA50-4E94-D7DD0AF28F12}"
EndProject
Global
	GlobalSection(SolutionConfigurationPlatforms) = preSolution
		Debug|Any CPU = Debug|Any CPU
		Release|Any CPU = Release|Any CPU
	EndGlobalSection
	GlobalSection(ProjectConfigurationPlatforms) = postSolution
		{332EDF2C-E7AD-0B1B-6DAB-BCB41544E401}.Debug|Any CPU.ActiveCfg = Debug|Any CPU
		{332EDF2C-E7AD-0B1B-6DAB-BCB41544E401}.Debug|Any CPU.Build.0 = Debug|Any CPU
		{332EDF2C-E7AD-0B1B-6DAB-BCB41544E401}.Release|Any CPU.ActiveCfg = Release|Any CPU
		{332EDF2C-E7AD-0B1B-6DAB-BCB41544E401}.Release|Any CPU.Build.0 = Release|Any CPU
		{5CFA0DED-2626-CA50-4E94-D7DD0AF28F12}.Debug|Any CPU.ActiveCfg = Debug|Any CPU
		{5CFA0DED-2626-CA50-4E94-D7DD0AF28F12}.Debug|Any CPU.Build.0 = Debug|Any CPU
		{5CFA0DED-2626-CA50-4E94-D7DD0AF28F12}.Release|Any CPU.ActiveCfg = Release|Any CPU
		{5CFA0DED-2626-CA50-4E94-D7DD0AF28F12}.Release|Any CPU.Build.0 = Release|Any CPU
	EndGlobalSection
	GlobalSection(SolutionProperties) = preSolution
		HideSolutionNode = FALSE
	EndGlobalSection
EndGlobal
